
Microsoft Visual Studio Solution File, Format Version 12.00
# Visual Studio Version 17
VisualStudioVersion = 17.2.32630.192
MinimumVisualStudioVersion = 10.0.40219.1
Project("{FAE04EC0-301F-11D3-BF4B-00C04F79EFBC}") = "14-1", "14-1.csproj", "{A983F372-14FB-45A9-A2CA-44B3DB2DAC15}"
EndProject
Global
	GlobalSection(SolutionConfigurationPlatforms) = preSolution
		Debug|Any CPU = Debug|Any CPU
		Release|Any CPU = Release|Any CPU
	EndGlobalSection
	GlobalSection(ProjectConfigurationPlatforms) = postSolution
		{A983F372-14FB-45A9-A2CA-44B3DB2DAC15}.Debug|Any CPU.ActiveCfg = Debug|Any CPU
		{A983F372-14FB-45A9-A2CA-44B3DB2DAC15}.Debug|Any CPU.Build.0 = Debug|Any CPU
		{A983F372-14FB-45A9-A2CA-44B3DB2DAC15}.Release|Any CPU.ActiveCfg = Release|Any CPU
		{A983F372-14FB-45A9-A2CA-44B3DB2DAC15}.Release|Any CPU.Build.0 = Release|Any CPU
	EndGlobalSection
	GlobalSection(SolutionProperties) = preSolution
		HideSolutionNode = FALSE
	EndGlobalSection
	GlobalSection(ExtensibilityGlobals) = postSolution
		SolutionGuid = {0A8FF538-16A3-433B-9B1A-B16C013A02E8}
	EndGlobalSection
EndGlobal
