
Microsoft Visual Studio Solution File, Format Version 12.00
# Visual Studio Version 17
VisualStudioVersion = 17.1.32319.34
MinimumVisualStudioVersion = 10.0.40219.1
Project("{FAE04EC0-301F-11D3-BF4B-00C04F79EFBC}") = "11-1", "11-1.csproj", "{23CE4AB8-A2DF-4A07-B0A3-C9E3F15CABFD}"
EndProject
Global
	GlobalSection(SolutionConfigurationPlatforms) = preSolution
		Debug|Any CPU = Debug|Any CPU
		Release|Any CPU = Release|Any CPU
	EndGlobalSection
	GlobalSection(ProjectConfigurationPlatforms) = postSolution
		{23CE4AB8-A2DF-4A07-B0A3-C9E3F15CABFD}.Debug|Any CPU.ActiveCfg = Debug|Any CPU
		{23CE4AB8-A2DF-4A07-B0A3-C9E3F15CABFD}.Debug|Any CPU.Build.0 = Debug|Any CPU
		{23CE4AB8-A2DF-4A07-B0A3-C9E3F15CABFD}.Release|Any CPU.ActiveCfg = Release|Any CPU
		{23CE4AB8-A2DF-4A07-B0A3-C9E3F15CABFD}.Release|Any CPU.Build.0 = Release|Any CPU
	EndGlobalSection
	GlobalSection(SolutionProperties) = preSolution
		HideSolutionNode = FALSE
	EndGlobalSection
	GlobalSection(ExtensibilityGlobals) = postSolution
		SolutionGuid = {4ACD7F9D-5677-484E-B6EE-7FAD6AFB3144}
	EndGlobalSection
EndGlobal
