
Microsoft Visual Studio Solution File, Format Version 12.00
# Visual Studio Version 17
VisualStudioVersion = 17.2.32630.192
MinimumVisualStudioVersion = 10.0.40219.1
Project("{FAE04EC0-301F-11D3-BF4B-00C04F79EFBC}") = "7-1", "7-1.csproj", "{CF23B0AF-C68F-43C3-8407-369C31761C9C}"
EndProject
Global
	GlobalSection(SolutionConfigurationPlatforms) = preSolution
		Debug|Any CPU = Debug|Any CPU
		Release|Any CPU = Release|Any CPU
	EndGlobalSection
	GlobalSection(ProjectConfigurationPlatforms) = postSolution
		{CF23B0AF-C68F-43C3-8407-369C31761C9C}.Debug|Any CPU.ActiveCfg = Debug|Any CPU
		{CF23B0AF-C68F-43C3-8407-369C31761C9C}.Debug|Any CPU.Build.0 = Debug|Any CPU
		{CF23B0AF-C68F-43C3-8407-369C31761C9C}.Release|Any CPU.ActiveCfg = Release|Any CPU
		{CF23B0AF-C68F-43C3-8407-369C31761C9C}.Release|Any CPU.Build.0 = Release|Any CPU
	EndGlobalSection
	GlobalSection(SolutionProperties) = preSolution
		HideSolutionNode = FALSE
	EndGlobalSection
	GlobalSection(ExtensibilityGlobals) = postSolution
		SolutionGuid = {56D4D5B0-EBC8-4CA1-8CD4-46B3A0D9B1D0}
	EndGlobalSection
EndGlobal
